
Microsoft Visual Studio Solution File, Format Version 12.00
# Visual Studio 15
VisualStudioVersion = 15.0.28307.645
MinimumVisualStudioVersion = 10.0.40219.1
Project("{8BC9CEB8-8B4A-11D0-8D11-00A0C91BC942}") = "FINAL", "FINAL\FINAL.vcxproj", "{8815CE54-60F5-4DD9-9966-7E37B992D32A}"
EndProject
Global
	GlobalSection(SolutionConfigurationPlatforms) = preSolution
		Debug|x64 = Debug|x64
		Debug|x86 = Debug|x86
		Release|x64 = Release|x64
		Release|x86 = Release|x86
	EndGlobalSection
	GlobalSection(ProjectConfigurationPlatforms) = postSolution
		{8815CE54-60F5-4DD9-9966-7E37B992D32A}.Debug|x64.ActiveCfg = Debug|x64
		{8815CE54-60F5-4DD9-9966-7E37B992D32A}.Debug|x64.Build.0 = Debug|x64
		{8815CE54-60F5-4DD9-9966-7E37B992D32A}.Debug|x86.ActiveCfg = Debug|Win32
		{8815CE54-60F5-4DD9-9966-7E37B992D32A}.Debug|x86.Build.0 = Debug|Win32
		{8815CE54-60F5-4DD9-9966-7E37B992D32A}.Release|x64.ActiveCfg = Release|x64
		{8815CE54-60F5-4DD9-9966-7E37B992D32A}.Release|x64.Build.0 = Release|x64
		{8815CE54-60F5-4DD9-9966-7E37B992D32A}.Release|x86.ActiveCfg = Release|Win32
		{8815CE54-60F5-4DD9-9966-7E37B992D32A}.Release|x86.Build.0 = Release|Win32
	EndGlobalSection
	GlobalSection(SolutionProperties) = preSolution
		HideSolutionNode = FALSE
	EndGlobalSection
	GlobalSection(ExtensibilityGlobals) = postSolution
		SolutionGuid = {6A47B467-4512-4418-AD92-E19A59AEB7AF}
	EndGlobalSection
EndGlobal
